{
  "name": "hello_world",
  "version": "1.0.0",
  "lockfileVersion": 3,
  "requires": true,
  "packages": {
    "": {
      "name": "hello_world",
      "version": "1.0.0",
      "license": "MIT",
      "dependencies": {
        "streams-logger": "~0.0.0"
      },
      "devDependencies": {
        "@types/node": "^20.6.2",
        "typescript": "^5.1.6"
      },
      "engines": {
        "node": ">=18.18.0",
        "npm": ">=10.2.3"
      }
    },
    "node_modules/@types/node": {
      "version": "20.14.7",
      "resolved": "https://registry.npmjs.org/@types/node/-/node-20.14.7.tgz",
      "integrity": "sha512-uTr2m2IbJJucF3KUxgnGOZvYbN0QgkGyWxG6973HCpMYFy2KfcgYuIwkJQMQkt1VbBMlvWRbpshFTLxnxCZjKQ==",
      "dev": true,
      "license": "MIT",
      "dependencies": {
        "undici-types": "~5.26.4"
      }
    },
    "node_modules/graph-transform": {
      "version": "0.0.7",
      "resolved": "https://registry.npmjs.org/graph-transform/-/graph-transform-0.0.7.tgz",
      "integrity": "sha512-o4joTnNf4WqubvGwJqszZ+cDBSLhzCzjO0c7sruP5kgCJv58CFlMvzSnbvYwREUj/audJN1QN4LJkHpQxE1c/A==",
      "license": "MIT",
      "engines": {
        "node": ">=18.18.0",
        "npm": ">=10.2.3"
      }
    },
    "node_modules/streams-logger": {
      "version": "0.0.16",
      "resolved": "https://registry.npmjs.org/streams-logger/-/streams-logger-0.0.16.tgz",
      "integrity": "sha512-BMVmXIbUKmUtlyLe41Fgn3VAPGn94fVId2Tnfk8xUtmPZwg965zR6oMCI84FAo1+YA+mAP90l623q3v647PiEQ==",
      "license": "MIT",
      "dependencies": {
        "graph-transform": "~0.0.1"
      },
      "engines": {
        "node": ">=18.18.0",
        "npm": ">=10.2.3"
      }
    },
    "node_modules/typescript": {
      "version": "5.5.2",
      "resolved": "https://registry.npmjs.org/typescript/-/typescript-5.5.2.tgz",
      "integrity": "sha512-NcRtPEOsPFFWjobJEtfihkLCZCXZt/os3zf8nTxjVH3RvTSxjrCamJpbExGvYOF+tFHc3pA65qpdwPbzjohhew==",
      "dev": true,
      "license": "Apache-2.0",
      "bin": {
        "tsc": "bin/tsc",
        "tsserver": "bin/tsserver"
      },
      "engines": {
        "node": ">=14.17"
      }
    },
    "node_modules/undici-types": {
      "version": "5.26.5",
      "resolved": "https://registry.npmjs.org/undici-types/-/undici-types-5.26.5.tgz",
      "integrity": "sha512-JlCMO+ehdEIKqlFxk6IfVoAUVmgz7cU7zD/h9XZ0qzeosSHmUJVOzSQvvYSYWXkFXC+IfLKSIffhv0sVZup6pA==",
      "dev": true,
      "license": "MIT"
    }
  }
}
