{
  "name": "network_connected_logging_graph",
  "version": "1.0.0",
  "lockfileVersion": 3,
  "requires": true,
  "packages": {
    "": {
      "name": "network_connected_logging_graph",
      "version": "1.0.0",
      "license": "MIT",
      "dependencies": {
        "streams-logger": "~0.0.0"
      },
      "devDependencies": {
        "@types/node": "^20.6.2",
        "typescript": "^5.1.6"
      },
      "engines": {
        "node": ">=18.18.0",
        "npm": ">=10.2.3"
      }
    },
    "node_modules/@types/node": {
      "version": "20.14.9",
      "resolved": "https://registry.npmjs.org/@types/node/-/node-20.14.9.tgz",
      "integrity": "sha512-06OCtnTXtWOZBJlRApleWndH4JsRVs1pDCc8dLSQp+7PpUpX3ePdHyeNSFTeSe7FtKyQkrlPvHwJOW3SLd8Oyg==",
      "dev": true,
      "license": "MIT",
      "dependencies": {
        "undici-types": "~5.26.4"
      }
    },
    "node_modules/graph-transform": {
      "version": "0.0.17",
      "resolved": "https://registry.npmjs.org/graph-transform/-/graph-transform-0.0.17.tgz",
      "integrity": "sha512-2ThW8XsEWkZuDt+hAdfDJIVUsd6zHwBXPFO0gHj/kzxctCHGVhhdH5RHIBKgFWaT2FJ+rb1kd3lqRlASZzFelw==",
      "license": "MIT",
      "engines": {
        "node": ">=18.18.0",
        "npm": ">=10.2.3"
      }
    },
    "node_modules/streams-logger": {
      "version": "0.0.25",
      "resolved": "https://registry.npmjs.org/streams-logger/-/streams-logger-0.0.25.tgz",
      "integrity": "sha512-DPbNPzrDL7yqOMYXhpJV+i3SOLBtKhnbsRL5bhaBnxLNyjCFMiEIcI1UQHXLYL53esdInmEyFtE9F4bFxmF6cA==",
      "license": "MIT",
      "dependencies": {
        "graph-transform": "~0.0.11"
      },
      "engines": {
        "node": ">=18.18.0",
        "npm": ">=10.2.3"
      }
    },
    "node_modules/typescript": {
      "version": "5.5.2",
      "resolved": "https://registry.npmjs.org/typescript/-/typescript-5.5.2.tgz",
      "integrity": "sha512-NcRtPEOsPFFWjobJEtfihkLCZCXZt/os3zf8nTxjVH3RvTSxjrCamJpbExGvYOF+tFHc3pA65qpdwPbzjohhew==",
      "dev": true,
      "license": "Apache-2.0",
      "bin": {
        "tsc": "bin/tsc",
        "tsserver": "bin/tsserver"
      },
      "engines": {
        "node": ">=14.17"
      }
    },
    "node_modules/undici-types": {
      "version": "5.26.5",
      "resolved": "https://registry.npmjs.org/undici-types/-/undici-types-5.26.5.tgz",
      "integrity": "sha512-JlCMO+ehdEIKqlFxk6IfVoAUVmgz7cU7zD/h9XZ0qzeosSHmUJVOzSQvvYSYWXkFXC+IfLKSIffhv0sVZup6pA==",
      "dev": true,
      "license": "MIT"
    }
  }
}
